
Microsoft Visual Studio Solution File, Format Version 12.00
# Visual Studio Version 17
VisualStudioVersion = 17.3.32929.385
MinimumVisualStudioVersion = 10.0.40219.1
Project("{F184B08F-C81C-45F6-A57F-5ABD9991F28F}") = "WindowsFormAppFeb5", "WindowsFormAppFeb5\WindowsFormAppFeb5.vbproj", "{DA3796D8-0C8C-4E38-B6EF-7AA39655705C}"
EndProject
Global
	GlobalSection(SolutionConfigurationPlatforms) = preSolution
		Debug|Any CPU = Debug|Any CPU
		Release|Any CPU = Release|Any CPU
	EndGlobalSection
	GlobalSection(ProjectConfigurationPlatforms) = postSolution
		{DA3796D8-0C8C-4E38-B6EF-7AA39655705C}.Debug|Any CPU.ActiveCfg = Debug|Any CPU
		{DA3796D8-0C8C-4E38-B6EF-7AA39655705C}.Debug|Any CPU.Build.0 = Debug|Any CPU
		{DA3796D8-0C8C-4E38-B6EF-7AA39655705C}.Release|Any CPU.ActiveCfg = Release|Any CPU
		{DA3796D8-0C8C-4E38-B6EF-7AA39655705C}.Release|Any CPU.Build.0 = Release|Any CPU
	EndGlobalSection
	GlobalSection(SolutionProperties) = preSolution
		HideSolutionNode = FALSE
	EndGlobalSection
	GlobalSection(ExtensibilityGlobals) = postSolution
		SolutionGuid = {2204B9C5-7405-47D3-B2B6-F36B7EEC333B}
	EndGlobalSection
EndGlobal
