
Microsoft Visual Studio Solution File, Format Version 12.00
# Visual Studio Version 17
VisualStudioVersion = 17.3.32929.385
MinimumVisualStudioVersion = 10.0.40219.1
Project("{F184B08F-C81C-45F6-A57F-5ABD9991F28F}") = "Platform", "Platform\Platform.vbproj", "{08F44B4C-CB2B-4B58-9053-70D67DE99308}"
EndProject
Global
	GlobalSection(SolutionConfigurationPlatforms) = preSolution
		Debug|Any CPU = Debug|Any CPU
		Release|Any CPU = Release|Any CPU
	EndGlobalSection
	GlobalSection(ProjectConfigurationPlatforms) = postSolution
		{08F44B4C-CB2B-4B58-9053-70D67DE99308}.Debug|Any CPU.ActiveCfg = Debug|Any CPU
		{08F44B4C-CB2B-4B58-9053-70D67DE99308}.Debug|Any CPU.Build.0 = Debug|Any CPU
		{08F44B4C-CB2B-4B58-9053-70D67DE99308}.Release|Any CPU.ActiveCfg = Release|Any CPU
		{08F44B4C-CB2B-4B58-9053-70D67DE99308}.Release|Any CPU.Build.0 = Release|Any CPU
	EndGlobalSection
	GlobalSection(SolutionProperties) = preSolution
		HideSolutionNode = FALSE
	EndGlobalSection
	GlobalSection(ExtensibilityGlobals) = postSolution
		SolutionGuid = {467723FE-EB26-45BA-97E4-2B0C190C816C}
	EndGlobalSection
EndGlobal
